// !$*UTF8*$!
{
	archiveVersion = 1;
	classes = {
	};
	objectVersion = 50;
	objects = {

/* Begin PBXBuildFile section */
		CE28C0322620830C007FF949 /* Extensions.swift in Sources */ = {isa = PBXBuildFile; fileRef = CE28C0312620830C007FF949 /* Extensions.swift */; };
		CE28C04C26208343007FF949 /* constants.swift in Sources */ = {isa = PBXBuildFile; fileRef = CE28C03626208343007FF949 /* constants.swift */; };
		CE28C04D26208343007FF949 /* dependencies.swift in Sources */ = {isa = PBXBuildFile; fileRef = CE28C03726208343007FF949 /* dependencies.swift */; };
		CE28C04E26208343007FF949 /* fatal.swift in Sources */ = {isa = PBXBuildFile; fileRef = CE28C03826208343007FF949 /* fatal.swift */; };
		CE28C04F26208343007FF949 /* files.swift in Sources */ = {isa = PBXBuildFile; fileRef = CE28C03926208343007FF949 /* files.swift */; };
		CE28C05026208343007FF949 /* shell.swift in Sources */ = {isa = PBXBuildFile; fileRef = CE28C03A26208343007FF949 /* shell.swift */; };
		CE28C05426208343007FF949 /* LICENSE in Resources */ = {isa = PBXBuildFile; fileRef = CE28C04126208343007FF949 /* LICENSE */; };
		CE28C05526208343007FF949 /* NSData+Reading.m in Sources */ = {isa = PBXBuildFile; fileRef = CE28C04526208343007FF949 /* NSData+Reading.m */; };
		CE28C05626208343007FF949 /* operations.m in Sources */ = {isa = PBXBuildFile; fileRef = CE28C04626208343007FF949 /* operations.m */; };
		CE28C05726208343007FF949 /* headers.m in Sources */ = {isa = PBXBuildFile; fileRef = CE28C04726208343007FF949 /* headers.m */; };
		CE28C05926208343007FF949 /* patch.swift in Sources */ = {isa = PBXBuildFile; fileRef = CE28C04A26208343007FF949 /* patch.swift */; };
		CE28C0612620844E007FF949 /* patch.m in Sources */ = {isa = PBXBuildFile; fileRef = CE28C0602620844E007FF949 /* patch.m */; };
		CE28C06D26208C9D007FF949 /* libsubstrate.dylib in Resources */ = {isa = PBXBuildFile; fileRef = CE28C06726208C3E007FF949 /* libsubstrate.dylib */; };
		CE28C06E26208C9D007FF949 /* libblackjack.dylib in Resources */ = {isa = PBXBuildFile; fileRef = CE28C06926208C64007FF949 /* libblackjack.dylib */; };
		CE28C06F26208C9D007FF949 /* libhooker.dylib in Resources */ = {isa = PBXBuildFile; fileRef = CE28C06A26208C64007FF949 /* libhooker.dylib */; };
		CED943A9262043A0001477CB /* AppDelegate.swift in Sources */ = {isa = PBXBuildFile; fileRef = CED943A8262043A0001477CB /* AppDelegate.swift */; };
		CED943AB262043A0001477CB /* ViewController.swift in Sources */ = {isa = PBXBuildFile; fileRef = CED943AA262043A0001477CB /* ViewController.swift */; };
		CED943AD262043A1001477CB /* Assets.xcassets in Resources */ = {isa = PBXBuildFile; fileRef = CED943AC262043A1001477CB /* Assets.xcassets */; };
		CED943B0262043A1001477CB /* Main.storyboard in Resources */ = {isa = PBXBuildFile; fileRef = CED943AE262043A1001477CB /* Main.storyboard */; };
		CEF533FC26204DAA005C1AFF /* preview.png in Resources */ = {isa = PBXBuildFile; fileRef = CEF533FB26204DAA005C1AFF /* preview.png */; };
/* End PBXBuildFile section */

/* Begin PBXFileReference section */
		CE28C0312620830C007FF949 /* Extensions.swift */ = {isa = PBXFileReference; fileEncoding = 4; lastKnownFileType = sourcecode.swift; path = Extensions.swift; sourceTree = "<group>"; };
		CE28C03626208343007FF949 /* constants.swift */ = {isa = PBXFileReference; fileEncoding = 4; lastKnownFileType = sourcecode.swift; path = constants.swift; sourceTree = "<group>"; };
		CE28C03726208343007FF949 /* dependencies.swift */ = {isa = PBXFileReference; fileEncoding = 4; lastKnownFileType = sourcecode.swift; path = dependencies.swift; sourceTree = "<group>"; };
		CE28C03826208343007FF949 /* fatal.swift */ = {isa = PBXFileReference; fileEncoding = 4; lastKnownFileType = sourcecode.swift; path = fatal.swift; sourceTree = "<group>"; };
		CE28C03926208343007FF949 /* files.swift */ = {isa = PBXFileReference; fileEncoding = 4; lastKnownFileType = sourcecode.swift; path = files.swift; sourceTree = "<group>"; };
		CE28C03A26208343007FF949 /* shell.swift */ = {isa = PBXFileReference; fileEncoding = 4; lastKnownFileType = sourcecode.swift; path = shell.swift; sourceTree = "<group>"; };
		CE28C04026208343007FF949 /* NSData+Reading.h */ = {isa = PBXFileReference; fileEncoding = 4; lastKnownFileType = sourcecode.c.h; path = "NSData+Reading.h"; sourceTree = "<group>"; };
		CE28C04126208343007FF949 /* LICENSE */ = {isa = PBXFileReference; fileEncoding = 4; lastKnownFileType = text; path = LICENSE; sourceTree = "<group>"; };
		CE28C04226208343007FF949 /* operations.h */ = {isa = PBXFileReference; fileEncoding = 4; lastKnownFileType = sourcecode.c.h; path = operations.h; sourceTree = "<group>"; };
		CE28C04326208343007FF949 /* headers.h */ = {isa = PBXFileReference; fileEncoding = 4; lastKnownFileType = sourcecode.c.h; path = headers.h; sourceTree = "<group>"; };
		CE28C04426208343007FF949 /* defines.h */ = {isa = PBXFileReference; fileEncoding = 4; lastKnownFileType = sourcecode.c.h; path = defines.h; sourceTree = "<group>"; };
		CE28C04526208343007FF949 /* NSData+Reading.m */ = {isa = PBXFileReference; fileEncoding = 4; lastKnownFileType = sourcecode.c.objc; path = "NSData+Reading.m"; sourceTree = "<group>"; };
		CE28C04626208343007FF949 /* operations.m */ = {isa = PBXFileReference; fileEncoding = 4; lastKnownFileType = sourcecode.c.objc; path = operations.m; sourceTree = "<group>"; };
		CE28C04726208343007FF949 /* headers.m */ = {isa = PBXFileReference; fileEncoding = 4; lastKnownFileType = sourcecode.c.objc; path = headers.m; sourceTree = "<group>"; };
		CE28C04A26208343007FF949 /* patch.swift */ = {isa = PBXFileReference; fileEncoding = 4; lastKnownFileType = sourcecode.swift; path = patch.swift; sourceTree = "<group>"; };
		CE28C05D2620843B007FF949 /* patch.h */ = {isa = PBXFileReference; lastKnownFileType = sourcecode.c.h; path = patch.h; sourceTree = "<group>"; };
		CE28C0602620844E007FF949 /* patch.m */ = {isa = PBXFileReference; fileEncoding = 4; lastKnownFileType = sourcecode.c.objc; path = patch.m; sourceTree = "<group>"; };
		CE28C063262084A2007FF949 /* iPatch-Bridging-Header.h */ = {isa = PBXFileReference; lastKnownFileType = sourcecode.c.h; name = "iPatch-Bridging-Header.h"; path = "iPatch/iPatch-Bridging-Header.h"; sourceTree = SOURCE_ROOT; };
		CE28C06726208C3E007FF949 /* libsubstrate.dylib */ = {isa = PBXFileReference; lastKnownFileType = "compiled.mach-o.dylib"; path = libsubstrate.dylib; sourceTree = "<group>"; };
		CE28C06926208C64007FF949 /* libblackjack.dylib */ = {isa = PBXFileReference; lastKnownFileType = "compiled.mach-o.dylib"; path = libblackjack.dylib; sourceTree = "<group>"; };
		CE28C06A26208C64007FF949 /* libhooker.dylib */ = {isa = PBXFileReference; lastKnownFileType = "compiled.mach-o.dylib"; path = libhooker.dylib; sourceTree = "<group>"; };
		CED943A5262043A0001477CB /* iPatch.app */ = {isa = PBXFileReference; explicitFileType = wrapper.application; includeInIndex = 0; path = iPatch.app; sourceTree = BUILT_PRODUCTS_DIR; };
		CED943A8262043A0001477CB /* AppDelegate.swift */ = {isa = PBXFileReference; lastKnownFileType = sourcecode.swift; path = AppDelegate.swift; sourceTree = "<group>"; };
		CED943AA262043A0001477CB /* ViewController.swift */ = {isa = PBXFileReference; lastKnownFileType = sourcecode.swift; path = ViewController.swift; sourceTree = "<group>"; };
		CED943AC262043A1001477CB /* Assets.xcassets */ = {isa = PBXFileReference; lastKnownFileType = folder.assetcatalog; path = Assets.xcassets; sourceTree = "<group>"; };
		CED943AF262043A1001477CB /* Base */ = {isa = PBXFileReference; lastKnownFileType = file.storyboard; name = Base; path = Base.lproj/Main.storyboard; sourceTree = "<group>"; };
		CED943B1262043A1001477CB /* Info.plist */ = {isa = PBXFileReference; lastKnownFileType = text.plist.xml; path = Info.plist; sourceTree = "<group>"; };
		CED943B2262043A1001477CB /* iPatch.entitlements */ = {isa = PBXFileReference; lastKnownFileType = text.plist.entitlements; path = iPatch.entitlements; sourceTree = "<group>"; };
		CEF533FB26204DAA005C1AFF /* preview.png */ = {isa = PBXFileReference; lastKnownFileType = image.png; path = preview.png; sourceTree = SOURCE_ROOT; };
/* End PBXFileReference section */

/* Begin PBXFrameworksBuildPhase section */
		CED943A2262043A0001477CB /* Frameworks */ = {
			isa = PBXFrameworksBuildPhase;
			buildActionMask = 2147483647;
			files = (
			);
			runOnlyForDeploymentPostprocessing = 0;
		};
/* End PBXFrameworksBuildPhase section */

/* Begin PBXGroup section */
		CE28C0302620830C007FF949 /* Extensions */ = {
			isa = PBXGroup;
			children = (
				CE28C0312620830C007FF949 /* Extensions.swift */,
			);
			path = Extensions;
			sourceTree = "<group>";
		};
		CE28C03526208343007FF949 /* Utils */ = {
			isa = PBXGroup;
			children = (
				CE28C03626208343007FF949 /* constants.swift */,
				CE28C03726208343007FF949 /* dependencies.swift */,
				CE28C03826208343007FF949 /* fatal.swift */,
				CE28C03926208343007FF949 /* files.swift */,
				CE28C03A26208343007FF949 /* shell.swift */,
			);
			path = Utils;
			sourceTree = "<group>";
		};
		CE28C03B26208343007FF949 /* Libs */ = {
			isa = PBXGroup;
			children = (
				CE28C06726208C3E007FF949 /* libsubstrate.dylib */,
				CE28C06926208C64007FF949 /* libblackjack.dylib */,
				CE28C06A26208C64007FF949 /* libhooker.dylib */,
			);
			path = Libs;
			sourceTree = "<group>";
		};
		CE28C03F26208343007FF949 /* optool */ = {
			isa = PBXGroup;
			children = (
				CE28C04026208343007FF949 /* NSData+Reading.h */,
				CE28C04126208343007FF949 /* LICENSE */,
				CE28C04226208343007FF949 /* operations.h */,
				CE28C04326208343007FF949 /* headers.h */,
				CE28C04426208343007FF949 /* defines.h */,
				CE28C04526208343007FF949 /* NSData+Reading.m */,
				CE28C04626208343007FF949 /* operations.m */,
				CE28C04726208343007FF949 /* headers.m */,
			);
			path = optool;
			sourceTree = "<group>";
		};
		CE28C04826208343007FF949 /* Patch */ = {
			isa = PBXGroup;
			children = (
				CE28C0602620844E007FF949 /* patch.m */,
				CE28C04A26208343007FF949 /* patch.swift */,
				CE28C05D2620843B007FF949 /* patch.h */,
			);
			path = Patch;
			sourceTree = "<group>";
		};
		CED9439C262043A0001477CB = {
			isa = PBXGroup;
			children = (
				CED943A7262043A0001477CB /* iPatch */,
				CED943A6262043A0001477CB /* Products */,
			);
			sourceTree = "<group>";
		};
		CED943A6262043A0001477CB /* Products */ = {
			isa = PBXGroup;
			children = (
				CED943A5262043A0001477CB /* iPatch.app */,
			);
			name = Products;
			sourceTree = "<group>";
		};
		CED943A7262043A0001477CB /* iPatch */ = {
			isa = PBXGroup;
			children = (
				CE28C063262084A2007FF949 /* iPatch-Bridging-Header.h */,
				CE28C03B26208343007FF949 /* Libs */,
				CE28C03F26208343007FF949 /* optool */,
				CE28C04826208343007FF949 /* Patch */,
				CE28C03526208343007FF949 /* Utils */,
				CE28C0302620830C007FF949 /* Extensions */,
				CEF533FA26204DA0005C1AFF /* Resources */,
				CED943A8262043A0001477CB /* AppDelegate.swift */,
				CED943AA262043A0001477CB /* ViewController.swift */,
				CED943AC262043A1001477CB /* Assets.xcassets */,
				CED943AE262043A1001477CB /* Main.storyboard */,
				CED943B1262043A1001477CB /* Info.plist */,
				CED943B2262043A1001477CB /* iPatch.entitlements */,
			);
			path = iPatch;
			sourceTree = "<group>";
		};
		CEF533FA26204DA0005C1AFF /* Resources */ = {
			isa = PBXGroup;
			children = (
				CEF533FB26204DAA005C1AFF /* preview.png */,
			);
			path = Resources;
			sourceTree = "<group>";
		};
/* End PBXGroup section */

/* Begin PBXNativeTarget section */
		CED943A4262043A0001477CB /* iPatch */ = {
			isa = PBXNativeTarget;
			buildConfigurationList = CED943B5262043A1001477CB /* Build configuration list for PBXNativeTarget "iPatch" */;
			buildPhases = (
				CED943A1262043A0001477CB /* Sources */,
				CED943A2262043A0001477CB /* Frameworks */,
				CED943A3262043A0001477CB /* Resources */,
			);
			buildRules = (
			);
			dependencies = (
			);
			name = iPatch;
			productName = iPatch;
			productReference = CED943A5262043A0001477CB /* iPatch.app */;
			productType = "com.apple.product-type.application";
		};
/* End PBXNativeTarget section */

/* Begin PBXProject section */
		CED9439D262043A0001477CB /* Project object */ = {
			isa = PBXProject;
			attributes = {
				LastSwiftUpdateCheck = 1240;
				LastUpgradeCheck = 1240;
				TargetAttributes = {
					CED943A4262043A0001477CB = {
						CreatedOnToolsVersion = 12.4;
					};
				};
			};
			buildConfigurationList = CED943A0262043A0001477CB /* Build configuration list for PBXProject "iPatch" */;
			compatibilityVersion = "Xcode 9.3";
			developmentRegion = en;
			hasScannedForEncodings = 0;
			knownRegions = (
				en,
				Base,
			);
			mainGroup = CED9439C262043A0001477CB;
			productRefGroup = CED943A6262043A0001477CB /* Products */;
			projectDirPath = "";
			projectRoot = "";
			targets = (
				CED943A4262043A0001477CB /* iPatch */,
			);
		};
/* End PBXProject section */

/* Begin PBXResourcesBuildPhase section */
		CED943A3262043A0001477CB /* Resources */ = {
			isa = PBXResourcesBuildPhase;
			buildActionMask = 2147483647;
			files = (
				CE28C06D26208C9D007FF949 /* libsubstrate.dylib in Resources */,
				CE28C06E26208C9D007FF949 /* libblackjack.dylib in Resources */,
				CE28C06F26208C9D007FF949 /* libhooker.dylib in Resources */,
				CED943AD262043A1001477CB /* Assets.xcassets in Resources */,
				CED943B0262043A1001477CB /* Main.storyboard in Resources */,
				CE28C05426208343007FF949 /* LICENSE in Resources */,
				CEF533FC26204DAA005C1AFF /* preview.png in Resources */,
			);
			runOnlyForDeploymentPostprocessing = 0;
		};
/* End PBXResourcesBuildPhase section */

/* Begin PBXSourcesBuildPhase section */
		CED943A1262043A0001477CB /* Sources */ = {
			isa = PBXSourcesBuildPhase;
			buildActionMask = 2147483647;
			files = (
				CE28C05726208343007FF949 /* headers.m in Sources */,
				CE28C04E26208343007FF949 /* fatal.swift in Sources */,
				CE28C05626208343007FF949 /* operations.m in Sources */,
				CED943AB262043A0001477CB /* ViewController.swift in Sources */,
				CE28C0322620830C007FF949 /* Extensions.swift in Sources */,
				CE28C0612620844E007FF949 /* patch.m in Sources */,
				CE28C05526208343007FF949 /* NSData+Reading.m in Sources */,
				CED943A9262043A0001477CB /* AppDelegate.swift in Sources */,
				CE28C04D26208343007FF949 /* dependencies.swift in Sources */,
				CE28C05926208343007FF949 /* patch.swift in Sources */,
				CE28C04F26208343007FF949 /* files.swift in Sources */,
				CE28C05026208343007FF949 /* shell.swift in Sources */,
				CE28C04C26208343007FF949 /* constants.swift in Sources */,
			);
			runOnlyForDeploymentPostprocessing = 0;
		};
/* End PBXSourcesBuildPhase section */

/* Begin PBXVariantGroup section */
		CED943AE262043A1001477CB /* Main.storyboard */ = {
			isa = PBXVariantGroup;
			children = (
				CED943AF262043A1001477CB /* Base */,
			);
			name = Main.storyboard;
			sourceTree = "<group>";
		};
/* End PBXVariantGroup section */

/* Begin XCBuildConfiguration section */
		CED943B3262043A1001477CB /* Debug */ = {
			isa = XCBuildConfiguration;
			buildSettings = {
				ALWAYS_SEARCH_USER_PATHS = NO;
				CLANG_ANALYZER_NONNULL = YES;
				CLANG_ANALYZER_NUMBER_OBJECT_CONVERSION = YES_AGGRESSIVE;
				CLANG_CXX_LANGUAGE_STANDARD = "gnu++14";
				CLANG_CXX_LIBRARY = "libc++";
				CLANG_ENABLE_MODULES = YES;
				CLANG_ENABLE_OBJC_ARC = YES;
				CLANG_ENABLE_OBJC_WEAK = YES;
				CLANG_WARN_BLOCK_CAPTURE_AUTORELEASING = YES;
				CLANG_WARN_BOOL_CONVERSION = YES;
				CLANG_WARN_COMMA = YES;
				CLANG_WARN_CONSTANT_CONVERSION = YES;
				CLANG_WARN_DEPRECATED_OBJC_IMPLEMENTATIONS = YES;
				CLANG_WARN_DIRECT_OBJC_ISA_USAGE = YES_ERROR;
				CLANG_WARN_DOCUMENTATION_COMMENTS = YES;
				CLANG_WARN_EMPTY_BODY = YES;
				CLANG_WARN_ENUM_CONVERSION = YES;
				CLANG_WARN_INFINITE_RECURSION = YES;
				CLANG_WARN_INT_CONVERSION = YES;
				CLANG_WARN_NON_LITERAL_NULL_CONVERSION = YES;
				CLANG_WARN_OBJC_IMPLICIT_RETAIN_SELF = YES;
				CLANG_WARN_OBJC_LITERAL_CONVERSION = YES;
				CLANG_WARN_OBJC_ROOT_CLASS = YES_ERROR;
				CLANG_WARN_QUOTED_INCLUDE_IN_FRAMEWORK_HEADER = YES;
				CLANG_WARN_RANGE_LOOP_ANALYSIS = YES;
				CLANG_WARN_STRICT_PROTOTYPES = YES;
				CLANG_WARN_SUSPICIOUS_MOVE = YES;
				CLANG_WARN_UNGUARDED_AVAILABILITY = YES_AGGRESSIVE;
				CLANG_WARN_UNREACHABLE_CODE = YES;
				CLANG_WARN__DUPLICATE_METHOD_MATCH = YES;
				COPY_PHASE_STRIP = NO;
				DEBUG_INFORMATION_FORMAT = dwarf;
				ENABLE_STRICT_OBJC_MSGSEND = YES;
				ENABLE_TESTABILITY = YES;
				GCC_C_LANGUAGE_STANDARD = gnu11;
				GCC_DYNAMIC_NO_PIC = NO;
				GCC_NO_COMMON_BLOCKS = YES;
				GCC_OPTIMIZATION_LEVEL = 0;
				GCC_PREPROCESSOR_DEFINITIONS = (
					"DEBUG=1",
					"$(inherited)",
				);
				GCC_WARN_64_TO_32_BIT_CONVERSION = YES;
				GCC_WARN_ABOUT_RETURN_TYPE = YES_ERROR;
				GCC_WARN_UNDECLARED_SELECTOR = YES;
				GCC_WARN_UNINITIALIZED_AUTOS = YES_AGGRESSIVE;
				GCC_WARN_UNUSED_FUNCTION = YES;
				GCC_WARN_UNUSED_VARIABLE = YES;
				MACOSX_DEPLOYMENT_TARGET = 10.14;
				MTL_ENABLE_DEBUG_INFO = INCLUDE_SOURCE;
				MTL_FAST_MATH = YES;
				ONLY_ACTIVE_ARCH = YES;
				SDKROOT = macosx;
				SWIFT_ACTIVE_COMPILATION_CONDITIONS = DEBUG;
				SWIFT_OPTIMIZATION_LEVEL = "-Onone";
			};
			name = Debug;
		};
		CED943B4262043A1001477CB /* Release */ = {
			isa = XCBuildConfiguration;
			buildSettings = {
				ALWAYS_SEARCH_USER_PATHS = NO;
				CLANG_ANALYZER_NONNULL = YES;
				CLANG_ANALYZER_NUMBER_OBJECT_CONVERSION = YES_AGGRESSIVE;
				CLANG_CXX_LANGUAGE_STANDARD = "gnu++14";
				CLANG_CXX_LIBRARY = "libc++";
				CLANG_ENABLE_MODULES = YES;
				CLANG_ENABLE_OBJC_ARC = YES;
				CLANG_ENABLE_OBJC_WEAK = YES;
				CLANG_WARN_BLOCK_CAPTURE_AUTORELEASING = YES;
				CLANG_WARN_BOOL_CONVERSION = YES;
				CLANG_WARN_COMMA = YES;
				CLANG_WARN_CONSTANT_CONVERSION = YES;
				CLANG_WARN_DEPRECATED_OBJC_IMPLEMENTATIONS = YES;
				CLANG_WARN_DIRECT_OBJC_ISA_USAGE = YES_ERROR;
				CLANG_WARN_DOCUMENTATION_COMMENTS = YES;
				CLANG_WARN_EMPTY_BODY = YES;
				CLANG_WARN_ENUM_CONVERSION = YES;
				CLANG_WARN_INFINITE_RECURSION = YES;
				CLANG_WARN_INT_CONVERSION = YES;
				CLANG_WARN_NON_LITERAL_NULL_CONVERSION = YES;
				CLANG_WARN_OBJC_IMPLICIT_RETAIN_SELF = YES;
				CLANG_WARN_OBJC_LITERAL_CONVERSION = YES;
				CLANG_WARN_OBJC_ROOT_CLASS = YES_ERROR;
				CLANG_WARN_QUOTED_INCLUDE_IN_FRAMEWORK_HEADER = YES;
				CLANG_WARN_RANGE_LOOP_ANALYSIS = YES;
				CLANG_WARN_STRICT_PROTOTYPES = YES;
				CLANG_WARN_SUSPICIOUS_MOVE = YES;
				CLANG_WARN_UNGUARDED_AVAILABILITY = YES_AGGRESSIVE;
				CLANG_WARN_UNREACHABLE_CODE = YES;
				CLANG_WARN__DUPLICATE_METHOD_MATCH = YES;
				COPY_PHASE_STRIP = NO;
				DEBUG_INFORMATION_FORMAT = "dwarf-with-dsym";
				ENABLE_NS_ASSERTIONS = NO;
				ENABLE_STRICT_OBJC_MSGSEND = YES;
				GCC_C_LANGUAGE_STANDARD = gnu11;
				GCC_NO_COMMON_BLOCKS = YES;
				GCC_WARN_64_TO_32_BIT_CONVERSION = YES;
				GCC_WARN_ABOUT_RETURN_TYPE = YES_ERROR;
				GCC_WARN_UNDECLARED_SELECTOR = YES;
				GCC_WARN_UNINITIALIZED_AUTOS = YES_AGGRESSIVE;
				GCC_WARN_UNUSED_FUNCTION = YES;
				GCC_WARN_UNUSED_VARIABLE = YES;
				MACOSX_DEPLOYMENT_TARGET = 10.14;
				MTL_ENABLE_DEBUG_INFO = NO;
				MTL_FAST_MATH = YES;
				SDKROOT = macosx;
				SWIFT_COMPILATION_MODE = wholemodule;
				SWIFT_OPTIMIZATION_LEVEL = "-O";
			};
			name = Release;
		};
		CED943B6262043A1001477CB /* Debug */ = {
			isa = XCBuildConfiguration;
			buildSettings = {
				ASSETCATALOG_COMPILER_APPICON_NAME = AppIcon;
				ASSETCATALOG_COMPILER_GLOBAL_ACCENT_COLOR_NAME = AccentColor;
				CODE_SIGN_ENTITLEMENTS = iPatch/iPatch.entitlements;
				CODE_SIGN_STYLE = Automatic;
				COMBINE_HIDPI_IMAGES = YES;
				DEVELOPMENT_TEAM = 92S6JX27W2;
				ENABLE_HARDENED_RUNTIME = YES;
				INFOPLIST_FILE = iPatch/Info.plist;
				LD_RUNPATH_SEARCH_PATHS = (
					"$(inherited)",
					"@executable_path/../Frameworks",
				);
				LIBRARY_SEARCH_PATHS = (
					"$(inherited)",
					"$(PROJECT_DIR)/iPatch/Libs",
				);
				MACOSX_DEPLOYMENT_TARGET = 10.14;
				PRODUCT_BUNDLE_IDENTIFIER = io.github.exerhythm.iPatch;
				PRODUCT_NAME = "$(TARGET_NAME)";
				SWIFT_OBJC_BRIDGING_HEADER = "iPatch/iPatch-Bridging-Header.h";
				SWIFT_VERSION = 5.0;
			};
			name = Debug;
		};
		CED943B7262043A1001477CB /* Release */ = {
			isa = XCBuildConfiguration;
			buildSettings = {
				ASSETCATALOG_COMPILER_APPICON_NAME = AppIcon;
				ASSETCATALOG_COMPILER_GLOBAL_ACCENT_COLOR_NAME = AccentColor;
				CODE_SIGN_ENTITLEMENTS = iPatch/iPatch.entitlements;
				CODE_SIGN_STYLE = Automatic;
				COMBINE_HIDPI_IMAGES = YES;
				DEVELOPMENT_TEAM = 92S6JX27W2;
				ENABLE_HARDENED_RUNTIME = YES;
				INFOPLIST_FILE = iPatch/Info.plist;
				LD_RUNPATH_SEARCH_PATHS = (
					"$(inherited)",
					"@executable_path/../Frameworks",
				);
				LIBRARY_SEARCH_PATHS = (
					"$(inherited)",
					"$(PROJECT_DIR)/iPatch/Libs",
				);
				MACOSX_DEPLOYMENT_TARGET = 10.14;
				PRODUCT_BUNDLE_IDENTIFIER = io.github.exerhythm.iPatch;
				PRODUCT_NAME = "$(TARGET_NAME)";
				SWIFT_OBJC_BRIDGING_HEADER = "iPatch/iPatch-Bridging-Header.h";
				SWIFT_VERSION = 5.0;
			};
			name = Release;
		};
/* End XCBuildConfiguration section */

/* Begin XCConfigurationList section */
		CED943A0262043A0001477CB /* Build configuration list for PBXProject "iPatch" */ = {
			isa = XCConfigurationList;
			buildConfigurations = (
				CED943B3262043A1001477CB /* Debug */,
				CED943B4262043A1001477CB /* Release */,
			);
			defaultConfigurationIsVisible = 0;
			defaultConfigurationName = Release;
		};
		CED943B5262043A1001477CB /* Build configuration list for PBXNativeTarget "iPatch" */ = {
			isa = XCConfigurationList;
			buildConfigurations = (
				CED943B6262043A1001477CB /* Debug */,
				CED943B7262043A1001477CB /* Release */,
			);
			defaultConfigurationIsVisible = 0;
			defaultConfigurationName = Release;
		};
/* End XCConfigurationList section */
	};
	rootObject = CED9439D262043A0001477CB /* Project object */;
}
